{
  "name": "deks-local-mcp",
  "version": "0.3.0",
  "lockfileVersion": 3,
  "requires": true,
  "packages": {
    "": {
      "name": "deks-local-mcp",
      "version": "0.3.0",
      "license": "Apache-2.0",
      "dependencies": {
        "@deks-js/document": "5.0.0",
        "@deks-js/render-preview": "5.0.0",
        "playwright": "1.62.1"
      },
      "engines": {
        "node": ">=22"
      }
    },
    "node_modules/@deks-js/document": {
      "version": "5.0.0",
      "resolved": "https://registry.npmjs.org/@deks-js/document/-/document-5.0.0.tgz",
      "integrity": "sha512-wUIVpo5YXAOg0Rrmn8Rrf9qTiQ4wk5o9xr+Pssxoomp2e+KiZrig5v8mzcmThuUeg2aiJfuJKQ+5T4Wt89KZCg==",
      "license": "Apache-2.0",
      "dependencies": {
        "@lucide/icons": "1.34.0",
        "fflate": "^0.8.2",
        "saxes": "^6.0.0"
      }
    },
    "node_modules/@deks-js/render-preview": {
      "version": "5.0.0",
      "resolved": "https://registry.npmjs.org/@deks-js/render-preview/-/render-preview-5.0.0.tgz",
      "integrity": "sha512-9d2wbXWUN91HET2lc2UUk8H6gPMBOywHy6alDvO4Y3IHiJs0NiYSqIUh/YL7b2+vsI5cqCJBVMTqKA1icqgXpw==",
      "license": "Apache-2.0",
      "dependencies": {
        "@deks-js/document": "5.0.0",
        "@deks-js/renderer-core": "5.0.0",
        "@fontsource/poppins": "5.3.0",
        "@fontsource/roboto": "5.3.0",
        "playwright": "1.62.1"
      },
      "bin": {
        "deks-render-preview-worker": "dist/worker.js"
      }
    },
    "node_modules/@deks-js/renderer-core": {
      "version": "5.0.0",
      "resolved": "https://registry.npmjs.org/@deks-js/renderer-core/-/renderer-core-5.0.0.tgz",
      "integrity": "sha512-nKeTefdxzUFBf8wFYRDKJFQkgTm9zoH8msv0pPAdd12JVOvlYQFiR2O94/7HvuPO+50K8/AA49VNsX5UEUrZoQ==",
      "license": "Apache-2.0",
      "dependencies": {
        "@deks-js/document": "5.0.0"
      }
    },
    "node_modules/@fontsource/poppins": {
      "version": "5.3.0",
      "resolved": "https://registry.npmjs.org/@fontsource/poppins/-/poppins-5.3.0.tgz",
      "integrity": "sha512-cms1nM7U6SN8epIV1WMVOV8VsA645aSm3wHfzIQnkk188U341ThbJGSl2Sv54V29gnDbT2arMPfLzvVIIVCceQ==",
      "license": "OFL-1.1",
      "funding": {
        "url": "https://github.com/sponsors/ayuhito"
      }
    },
    "node_modules/@fontsource/roboto": {
      "version": "5.3.0",
      "resolved": "https://registry.npmjs.org/@fontsource/roboto/-/roboto-5.3.0.tgz",
      "integrity": "sha512-BapRJOWYP+LZ21zp+wBQjfpPYKRoxc4LspJ/RLuI+HSMBD5u/X4O+ESDrSvEqDSy0rAl7GwBJ+09mdc16cVQ1Q==",
      "license": "OFL-1.1",
      "funding": {
        "url": "https://github.com/sponsors/ayuhito"
      }
    },
    "node_modules/@lucide/icons": {
      "version": "1.34.0",
      "resolved": "https://registry.npmjs.org/@lucide/icons/-/icons-1.34.0.tgz",
      "integrity": "sha512-bjh1h1z5JKJrpcnLn2MnXvIanJcumCPnILjRy05an6BU6VlsE5rF0DLEtESU3axLBETY0wcOumKmJ+RdtS836g==",
      "license": "ISC"
    },
    "node_modules/fflate": {
      "version": "0.8.3",
      "resolved": "https://registry.npmjs.org/fflate/-/fflate-0.8.3.tgz",
      "integrity": "sha512-tbZNuJrLwGUp3zshBtdy4W+ORxZuIh8a5ilyIEQDC5rY1f3U20JMry0Ll3WBzU58EZKsEuJFXhb5gwv8CsPvgA==",
      "license": "MIT"
    },
    "node_modules/fsevents": {
      "version": "2.3.2",
      "resolved": "https://registry.npmjs.org/fsevents/-/fsevents-2.3.2.tgz",
      "integrity": "sha512-xiqMQR4xAeHTuB9uWm+fFRcIOgKBMiOBP+eXiyT7jsgVCq1bkVygt00oASowB7EdtpOHaaPgKt812P9ab+DDKA==",
      "hasInstallScript": true,
      "license": "MIT",
      "optional": true,
      "os": [
        "darwin"
      ],
      "engines": {
        "node": "^8.16.0 || ^10.6.0 || >=11.0.0"
      }
    },
    "node_modules/playwright": {
      "version": "1.62.1",
      "resolved": "https://registry.npmjs.org/playwright/-/playwright-1.62.1.tgz",
      "integrity": "sha512-0M+L3LAD8/nm554LOla9Ayx0j0tmFZ0FBcoQ7F1VuVHpM/XpiC8RcDzBQB8W5+hA8L22THxELzeF+2WcUzvcLg==",
      "license": "Apache-2.0",
      "dependencies": {
        "playwright-core": "1.62.1"
      },
      "bin": {
        "playwright": "cli.js"
      },
      "engines": {
        "node": ">=20"
      },
      "optionalDependencies": {
        "fsevents": "2.3.2"
      }
    },
    "node_modules/playwright-core": {
      "version": "1.62.1",
      "resolved": "https://registry.npmjs.org/playwright-core/-/playwright-core-1.62.1.tgz",
      "integrity": "sha512-wPYSwEBJY9GHraISXqyqtx0na0LpO3XEX7jNDhntbex7tzUS7kLnZsOlFruFJB4Hi/rhDMjXGqHewDZ68nYZVw==",
      "license": "Apache-2.0",
      "bin": {
        "playwright-core": "cli.js"
      },
      "engines": {
        "node": ">=20"
      }
    },
    "node_modules/saxes": {
      "version": "6.0.0",
      "resolved": "https://registry.npmjs.org/saxes/-/saxes-6.0.0.tgz",
      "integrity": "sha512-xAg7SOnEhrm5zI3puOOKyy1OMcMlIJZYNJY7xLBwSze0UjhPLnWfj2GF2EpT0jmzaJKIWKHLsaSSajf35bcYnA==",
      "license": "ISC",
      "dependencies": {
        "xmlchars": "^2.2.0"
      },
      "engines": {
        "node": ">=v12.22.7"
      }
    },
    "node_modules/xmlchars": {
      "version": "2.2.0",
      "resolved": "https://registry.npmjs.org/xmlchars/-/xmlchars-2.2.0.tgz",
      "integrity": "sha512-JZnDKK8B0RCDw84FNdDAIpZK+JuJw+s7Lz8nksI7SIuU3UXJJslUthsi+uWBUYOwPFwW7W7PRLRfUKpxjtjFCw==",
      "license": "MIT"
    }
  }
}
